<Solution>
  <Folder Name="/etc/">
    <File Path=".editorconfig" />
    <File Path=".gitignore" />
    <File Path="Directory.Build.props" />
    <File Path="global.json" />
    <File Path="LICENSE.txt" />
    <File Path="Measure-Coverage.ps1" />
    <File Path="README.md" />
  </Folder>
  <Folder Name="/src/">
    <Project Path="src/RuneString/RuneString.csproj" />
  </Folder>
  <Folder Name="/tests/">
    <Project Path="tests/RuneString.Test/RuneString.Test.csproj" />
  </Folder>
</Solution>
